
Microsoft Visual Studio Solution File, Format Version 12.00
# Visual Studio Version 17
VisualStudioVersion = 17.5.33530.505
MinimumVisualStudioVersion = 10.0.40219.1
Project("{FAE04EC0-301F-11D3-BF4B-00C04F79EFBC}") = "Bank_Application", "Bank_Application.csproj", "{91567DA4-B1CF-4F5B-8FD7-5AEF539A0CD4}"
EndProject
Global
	GlobalSection(SolutionConfigurationPlatforms) = preSolution
		Debug|Any CPU = Debug|Any CPU
		Release|Any CPU = Release|Any CPU
	EndGlobalSection
	GlobalSection(ProjectConfigurationPlatforms) = postSolution
		{91567DA4-B1CF-4F5B-8FD7-5AEF539A0CD4}.Debug|Any CPU.ActiveCfg = Debug|Any CPU
		{91567DA4-B1CF-4F5B-8FD7-5AEF539A0CD4}.Debug|Any CPU.Build.0 = Debug|Any CPU
		{91567DA4-B1CF-4F5B-8FD7-5AEF539A0CD4}.Release|Any CPU.ActiveCfg = Release|Any CPU
		{91567DA4-B1CF-4F5B-8FD7-5AEF539A0CD4}.Release|Any CPU.Build.0 = Release|Any CPU
	EndGlobalSection
	GlobalSection(SolutionProperties) = preSolution
		HideSolutionNode = FALSE
	EndGlobalSection
	GlobalSection(ExtensibilityGlobals) = postSolution
		SolutionGuid = {CCABEA70-E851-4869-902F-E282D4DD119A}
	EndGlobalSection
EndGlobal
